Microsoft Visual Studio Solution File, Format Version 12.00
# Visual Studio Version 17
VisualStudioVersion = 17.5.2.0
MinimumVisualStudioVersion = 10.0.40219.1
Project("{FAE04EC0-301F-11D3-BF4B-00C04F79EFBC}") = "RestAuth", "RestAuth.csproj", "{96AEA368-3B01-D095-335B-E43B842F17F9}"
EndProject
Global
	GlobalSection(SolutionConfigurationPlatforms) = preSolution
		Debug|Any CPU = Debug|Any CPU
		Release|Any CPU = Release|Any CPU
	EndGlobalSection
	GlobalSection(ProjectConfigurationPlatforms) = postSolution
		{96AEA368-3B01-D095-335B-E43B842F17F9}.Debug|Any CPU.ActiveCfg = Debug|Any CPU
		{96AEA368-3B01-D095-335B-E43B842F17F9}.Debug|Any CPU.Build.0 = Debug|Any CPU
		{96AEA368-3B01-D095-335B-E43B842F17F9}.Release|Any CPU.ActiveCfg = Release|Any CPU
		{96AEA368-3B01-D095-335B-E43B842F17F9}.Release|Any CPU.Build.0 = Release|Any CPU
	EndGlobalSection
	GlobalSection(SolutionProperties) = preSolution
		HideSolutionNode = FALSE
	EndGlobalSection
	GlobalSection(ExtensibilityGlobals) = postSolution
		SolutionGuid = {86A86D91-956E-4131-BDAD-01B907721BD9}
	EndGlobalSection
EndGlobal
